{
    "_readme": [
        "This file locks the dependencies of your project to a known state",
        "Read more about it at https://getcomposer.org/doc/01-basic-usage.md#composer-lock-the-lock-file",
        "This file is @generated automatically"
    ],
    "content-hash": "c1d06013ed00dcf97cbbc832724d2faf",
    "packages": [
        {
            "name": "mario-deluna/glm",
            "version": "dev-master",
            "source": {
                "type": "git",
                "url": "https://github.com/mario-deluna/glm.git",
                "reference": "d8871b2a2bb404a3ec4d631782dd6847a9519586"
            },
            "dist": {
                "type": "zip",
                "url": "https://api.github.com/repos/mario-deluna/glm/zipball/d8871b2a2bb404a3ec4d631782dd6847a9519586",
                "reference": "d8871b2a2bb404a3ec4d631782dd6847a9519586",
                "shasum": ""
            },
            "require-dev": {
                "phpunit/phpunit": "^6.5"
            },
            "type": "library",
            "autoload": {
                "psr-4": {
                    "glm\\": "src/"
                },
                "files": [
                    "src/globals.php"
                ]
            },
            "notification-url": "https://packagist.org/downloads/",
            "license": [
                "LGPL-3.0-or-later"
            ],
            "authors": [
                {
                    "name": "Santiago Lizardo",
                    "email": "santiago.lizardo@gmail.com"
                }
            ],
            "description": "A port of the OpenGL Mathematics library (GLM) to PHP",
            "time": "2018-10-11 19:24:06"
        }
    ],
    "packages-dev": [],
    "aliases": [],
    "minimum-stability": "dev",
    "stability-flags": {
        "mario-deluna/glm": 20
    },
    "prefer-stable": true,
    "prefer-lowest": false,
    "platform": [],
    "platform-dev": []
}
